
Microsoft Visual Studio Solution File, Format Version 12.00
# Visual Studio Version 17
VisualStudioVersion = 17.14.36623.8
MinimumVisualStudioVersion = 10.0.40219.1
Project("{2150E333-8FDC-42A3-9474-1A3956D46DE8}") = "Task 0", "Task 0", "{02EA681E-C7D8-13C7-8484-4AC65E1B71E8}"
EndProject
Project("{FAE04EC0-301F-11D3-BF4B-00C04F79EFBC}") = "Tyuiu.HaevGS.Sprint5.Task0.V6", "Tyuiu.HaevGS.Sprint5.Task0.V6\Tyuiu.HaevGS.Sprint5.Task0.V6.csproj", "{BB5301BA-3768-48FB-9DD7-2E510F251C1E}"
EndProject
Project("{FAE04EC0-301F-11D3-BF4B-00C04F79EFBC}") = "Tyuiu.HaevGS.Sprint5.Task0.V6.Lib", "Tyuiu.HaevGS.Sprint5.Task0.V6.Lib\Tyuiu.HaevGS.Sprint5.Task0.V6.Lib.csproj", "{25AFDD55-2EEC-48E1-80EA-332975A385FE}"
EndProject
Project("{FAE04EC0-301F-11D3-BF4B-00C04F79EFBC}") = "Tyuiu.HaevGS.Sprint5.Task0.V6.Test", "Tyuiu.HaevGS.Sprint5.Task0.V6.Test\Tyuiu.HaevGS.Sprint5.Task0.V6.Test.csproj", "{6330945E-EB47-426F-85C4-710783CEB1A2}"
EndProject
Project("{2150E333-8FDC-42A3-9474-1A3956D46DE8}") = "Task 1", "Task 1", "{A28C288A-7221-44EB-83F8-D0FF8C99C6FE}"
EndProject
Project("{FAE04EC0-301F-11D3-BF4B-00C04F79EFBC}") = "Tyuiu.HaevGS.Sprint5.Task1.V21", "Tyuiu.HaevGS.Sprint5.Task1.V21\Tyuiu.HaevGS.Sprint5.Task1.V21.csproj", "{DDB9D50A-5818-465F-BB1C-9B5AD938C748}"
EndProject
Project("{FAE04EC0-301F-11D3-BF4B-00C04F79EFBC}") = "Tyuiu.HaevGS.Sprint5.Task1.V21.Lib", "Tyuiu.HaevGS.Sprint5.Task1.V21.Lib\Tyuiu.HaevGS.Sprint5.Task1.V21.Lib.csproj", "{DCD754B4-33F5-46D6-A630-4A50F6B3ADE1}"
EndProject
Project("{FAE04EC0-301F-11D3-BF4B-00C04F79EFBC}") = "Tyuiu.HaevGS.Sprint5.Task1.V21.Test", "Tyuiu.HaevGS.Sprint5.Task1.V21.Test\Tyuiu.HaevGS.Sprint5.Task1.V21.Test.csproj", "{9CDBCC66-6646-4D3D-A384-416B15A37FD0}"
EndProject
Project("{2150E333-8FDC-42A3-9474-1A3956D46DE8}") = "Task 2", "Task 2", "{3C62C5D8-3859-4392-9F23-C591B0A4F773}"
EndProject
Project("{FAE04EC0-301F-11D3-BF4B-00C04F79EFBC}") = "Tyuiu.HaevGS.Sprint5.Task2.V13", "Tyuiu.HaevGS.Sprint5.Task2.V13\Tyuiu.HaevGS.Sprint5.Task2.V13.csproj", "{7DD19339-4484-4F30-BA52-4E36BB489A04}"
EndProject
Project("{FAE04EC0-301F-11D3-BF4B-00C04F79EFBC}") = "Tyuiu.HaevGS.Sprint5.Task2.V13.Lib", "Tyuiu.HaevGS.Sprint5.Task2.V13.Lib\Tyuiu.HaevGS.Sprint5.Task2.V13.Lib.csproj", "{0D4E34BE-2D12-473A-8D7A-68E75681B4D7}"
EndProject
Project("{FAE04EC0-301F-11D3-BF4B-00C04F79EFBC}") = "Tyuiu.HaevGS.Sprint5.Task2.V13.Test", "Tyuiu.HaevGS.Sprint5.Task2.V13.Test\Tyuiu.HaevGS.Sprint5.Task2.V13.Test.csproj", "{3AEDEC68-BC4D-44FF-A9D6-05B3B2C4DB7D}"
EndProject
Project("{2150E333-8FDC-42A3-9474-1A3956D46DE8}") = "Task 3", "Task 3", "{7E668E98-F17F-4A07-B9AD-448AE8B89D43}"
EndProject
Project("{FAE04EC0-301F-11D3-BF4B-00C04F79EFBC}") = "Tyuiu.HaevGS.Sprint5.Task3.V5", "Tyuiu.HaevGS.Sprint5.Task3.V5\Tyuiu.HaevGS.Sprint5.Task3.V5.csproj", "{D1A6116B-DAC9-4A7A-863E-2C8E13EBBEBD}"
EndProject
Project("{FAE04EC0-301F-11D3-BF4B-00C04F79EFBC}") = "Tyuiu.HaevGS.Sprint5.Task3.V5.Lib", "Tyuiu.HaevGS.Sprint5.Task3.V5.Lib\Tyuiu.HaevGS.Sprint5.Task3.V5.Lib.csproj", "{D6CE42DB-D483-4175-B430-042209D5B481}"
EndProject
Project("{FAE04EC0-301F-11D3-BF4B-00C04F79EFBC}") = "Tyuiu.HaevGS.Sprint5.Task3.V5.Test", "Tyuiu.HaevGS.Sprint5.Task3.V5.Test\Tyuiu.HaevGS.Sprint5.Task3.V5.Test.csproj", "{763F3A68-C5CE-4C19-9912-FABEA7CF27DC}"
EndProject
Project("{2150E333-8FDC-42A3-9474-1A3956D46DE8}") = "Task 4", "Task 4", "{0BFD6E31-3B02-46E4-9C0A-2FFCC42B42A2}"
EndProject
Project("{FAE04EC0-301F-11D3-BF4B-00C04F79EFBC}") = "Tyuiu.HaevGS.Sprint5.Task4.V17", "Tyuiu.HaevGS.Sprint5.Task4.V17\Tyuiu.HaevGS.Sprint5.Task4.V17.csproj", "{56D4D8A7-C09A-47E2-B2ED-C3294CEDB4D2}"
EndProject
Project("{FAE04EC0-301F-11D3-BF4B-00C04F79EFBC}") = "Tyuiu.HaevGS.Sprint5.Task4.V17.Lib", "Tyuiu.HaevGS.Sprint5.Task4.V17.Lib\Tyuiu.HaevGS.Sprint5.Task4.V17.Lib.csproj", "{EDED6E70-8B99-4755-99B1-E88E1778C004}"
EndProject
Project("{FAE04EC0-301F-11D3-BF4B-00C04F79EFBC}") = "Tyuiu.HaevGS.Sprint5.Task4.V17.Test", "Tyuiu.HaevGS.Sprint5.Task4.V17.Test\Tyuiu.HaevGS.Sprint5.Task4.V17.Test.csproj", "{FF164065-9A6E-49F6-93FD-0D8D057D45B6}"
EndProject
Global
	GlobalSection(SolutionConfigurationPlatforms) = preSolution
		Debug|Any CPU = Debug|Any CPU
		Release|Any CPU = Release|Any CPU
	EndGlobalSection
	GlobalSection(ProjectConfigurationPlatforms) = postSolution
		{BB5301BA-3768-48FB-9DD7-2E510F251C1E}.Debug|Any CPU.ActiveCfg = Debug|Any CPU
		{BB5301BA-3768-48FB-9DD7-2E510F251C1E}.Debug|Any CPU.Build.0 = Debug|Any CPU
		{BB5301BA-3768-48FB-9DD7-2E510F251C1E}.Release|Any CPU.ActiveCfg = Release|Any CPU
		{BB5301BA-3768-48FB-9DD7-2E510F251C1E}.Release|Any CPU.Build.0 = Release|Any CPU
		{25AFDD55-2EEC-48E1-80EA-332975A385FE}.Debug|Any CPU.ActiveCfg = Debug|Any CPU
		{25AFDD55-2EEC-48E1-80EA-332975A385FE}.Debug|Any CPU.Build.0 = Debug|Any CPU
		{25AFDD55-2EEC-48E1-80EA-332975A385FE}.Release|Any CPU.ActiveCfg = Release|Any CPU
		{25AFDD55-2EEC-48E1-80EA-332975A385FE}.Release|Any CPU.Build.0 = Release|Any CPU
		{6330945E-EB47-426F-85C4-710783CEB1A2}.Debug|Any CPU.ActiveCfg = Debug|Any CPU
		{6330945E-EB47-426F-85C4-710783CEB1A2}.Debug|Any CPU.Build.0 = Debug|Any CPU
		{6330945E-EB47-426F-85C4-710783CEB1A2}.Release|Any CPU.ActiveCfg = Release|Any CPU
		{6330945E-EB47-426F-85C4-710783CEB1A2}.Release|Any CPU.Build.0 = Release|Any CPU
		{DDB9D50A-5818-465F-BB1C-9B5AD938C748}.Debug|Any CPU.ActiveCfg = Debug|Any CPU
		{DDB9D50A-5818-465F-BB1C-9B5AD938C748}.Debug|Any CPU.Build.0 = Debug|Any CPU
		{DDB9D50A-5818-465F-BB1C-9B5AD938C748}.Release|Any CPU.ActiveCfg = Release|Any CPU
		{DDB9D50A-5818-465F-BB1C-9B5AD938C748}.Release|Any CPU.Build.0 = Release|Any CPU
		{DCD754B4-33F5-46D6-A630-4A50F6B3ADE1}.Debug|Any CPU.ActiveCfg = Debug|Any CPU
		{DCD754B4-33F5-46D6-A630-4A50F6B3ADE1}.Debug|Any CPU.Build.0 = Debug|Any CPU
		{DCD754B4-33F5-46D6-A630-4A50F6B3ADE1}.Release|Any CPU.ActiveCfg = Release|Any CPU
		{DCD754B4-33F5-46D6-A630-4A50F6B3ADE1}.Release|Any CPU.Build.0 = Release|Any CPU
		{9CDBCC66-6646-4D3D-A384-416B15A37FD0}.Debug|Any CPU.ActiveCfg = Debug|Any CPU
		{9CDBCC66-6646-4D3D-A384-416B15A37FD0}.Debug|Any CPU.Build.0 = Debug|Any CPU
		{9CDBCC66-6646-4D3D-A384-416B15A37FD0}.Release|Any CPU.ActiveCfg = Release|Any CPU
		{9CDBCC66-6646-4D3D-A384-416B15A37FD0}.Release|Any CPU.Build.0 = Release|Any CPU
		{7DD19339-4484-4F30-BA52-4E36BB489A04}.Debug|Any CPU.ActiveCfg = Debug|Any CPU
		{7DD19339-4484-4F30-BA52-4E36BB489A04}.Debug|Any CPU.Build.0 = Debug|Any CPU
		{7DD19339-4484-4F30-BA52-4E36BB489A04}.Release|Any CPU.ActiveCfg = Release|Any CPU
		{7DD19339-4484-4F30-BA52-4E36BB489A04}.Release|Any CPU.Build.0 = Release|Any CPU
		{0D4E34BE-2D12-473A-8D7A-68E75681B4D7}.Debug|Any CPU.ActiveCfg = Debug|Any CPU
		{0D4E34BE-2D12-473A-8D7A-68E75681B4D7}.Debug|Any CPU.Build.0 = Debug|Any CPU
		{0D4E34BE-2D12-473A-8D7A-68E75681B4D7}.Release|Any CPU.ActiveCfg = Release|Any CPU
		{0D4E34BE-2D12-473A-8D7A-68E75681B4D7}.Release|Any CPU.Build.0 = Release|Any CPU
		{3AEDEC68-BC4D-44FF-A9D6-05B3B2C4DB7D}.Debug|Any CPU.ActiveCfg = Debug|Any CPU
		{3AEDEC68-BC4D-44FF-A9D6-05B3B2C4DB7D}.Debug|Any CPU.Build.0 = Debug|Any CPU
		{3AEDEC68-BC4D-44FF-A9D6-05B3B2C4DB7D}.Release|Any CPU.ActiveCfg = Release|Any CPU
		{3AEDEC68-BC4D-44FF-A9D6-05B3B2C4DB7D}.Release|Any CPU.Build.0 = Release|Any CPU
		{D1A6116B-DAC9-4A7A-863E-2C8E13EBBEBD}.Debug|Any CPU.ActiveCfg = Debug|Any CPU
		{D1A6116B-DAC9-4A7A-863E-2C8E13EBBEBD}.Debug|Any CPU.Build.0 = Debug|Any CPU
		{D1A6116B-DAC9-4A7A-863E-2C8E13EBBEBD}.Release|Any CPU.ActiveCfg = Release|Any CPU
		{D1A6116B-DAC9-4A7A-863E-2C8E13EBBEBD}.Release|Any CPU.Build.0 = Release|Any CPU
		{D6CE42DB-D483-4175-B430-042209D5B481}.Debug|Any CPU.ActiveCfg = Debug|Any CPU
		{D6CE42DB-D483-4175-B430-042209D5B481}.Debug|Any CPU.Build.0 = Debug|Any CPU
		{D6CE42DB-D483-4175-B430-042209D5B481}.Release|Any CPU.ActiveCfg = Release|Any CPU
		{D6CE42DB-D483-4175-B430-042209D5B481}.Release|Any CPU.Build.0 = Release|Any CPU
		{763F3A68-C5CE-4C19-9912-FABEA7CF27DC}.Debug|Any CPU.ActiveCfg = Debug|Any CPU
		{763F3A68-C5CE-4C19-9912-FABEA7CF27DC}.Debug|Any CPU.Build.0 = Debug|Any CPU
		{763F3A68-C5CE-4C19-9912-FABEA7CF27DC}.Release|Any CPU.ActiveCfg = Release|Any CPU
		{763F3A68-C5CE-4C19-9912-FABEA7CF27DC}.Release|Any CPU.Build.0 = Release|Any CPU
		{56D4D8A7-C09A-47E2-B2ED-C3294CEDB4D2}.Debug|Any CPU.ActiveCfg = Debug|Any CPU
		{56D4D8A7-C09A-47E2-B2ED-C3294CEDB4D2}.Debug|Any CPU.Build.0 = Debug|Any CPU
		{56D4D8A7-C09A-47E2-B2ED-C3294CEDB4D2}.Release|Any CPU.ActiveCfg = Release|Any CPU
		{56D4D8A7-C09A-47E2-B2ED-C3294CEDB4D2}.Release|Any CPU.Build.0 = Release|Any CPU
		{EDED6E70-8B99-4755-99B1-E88E1778C004}.Debug|Any CPU.ActiveCfg = Debug|Any CPU
		{EDED6E70-8B99-4755-99B1-E88E1778C004}.Debug|Any CPU.Build.0 = Debug|Any CPU
		{EDED6E70-8B99-4755-99B1-E88E1778C004}.Release|Any CPU.ActiveCfg = Release|Any CPU
		{EDED6E70-8B99-4755-99B1-E88E1778C004}.Release|Any CPU.Build.0 = Release|Any CPU
		{FF164065-9A6E-49F6-93FD-0D8D057D45B6}.Debug|Any CPU.ActiveCfg = Debug|Any CPU
		{FF164065-9A6E-49F6-93FD-0D8D057D45B6}.Debug|Any CPU.Build.0 = Debug|Any CPU
		{FF164065-9A6E-49F6-93FD-0D8D057D45B6}.Release|Any CPU.ActiveCfg = Release|Any CPU
		{FF164065-9A6E-49F6-93FD-0D8D057D45B6}.Release|Any CPU.Build.0 = Release|Any CPU
	EndGlobalSection
	GlobalSection(SolutionProperties) = preSolution
		HideSolutionNode = FALSE
	EndGlobalSection
	GlobalSection(NestedProjects) = preSolution
		{BB5301BA-3768-48FB-9DD7-2E510F251C1E} = {02EA681E-C7D8-13C7-8484-4AC65E1B71E8}
		{25AFDD55-2EEC-48E1-80EA-332975A385FE} = {02EA681E-C7D8-13C7-8484-4AC65E1B71E8}
		{6330945E-EB47-426F-85C4-710783CEB1A2} = {02EA681E-C7D8-13C7-8484-4AC65E1B71E8}
		{DDB9D50A-5818-465F-BB1C-9B5AD938C748} = {A28C288A-7221-44EB-83F8-D0FF8C99C6FE}
		{DCD754B4-33F5-46D6-A630-4A50F6B3ADE1} = {A28C288A-7221-44EB-83F8-D0FF8C99C6FE}
		{9CDBCC66-6646-4D3D-A384-416B15A37FD0} = {A28C288A-7221-44EB-83F8-D0FF8C99C6FE}
		{7DD19339-4484-4F30-BA52-4E36BB489A04} = {3C62C5D8-3859-4392-9F23-C591B0A4F773}
		{0D4E34BE-2D12-473A-8D7A-68E75681B4D7} = {3C62C5D8-3859-4392-9F23-C591B0A4F773}
		{3AEDEC68-BC4D-44FF-A9D6-05B3B2C4DB7D} = {3C62C5D8-3859-4392-9F23-C591B0A4F773}
		{D1A6116B-DAC9-4A7A-863E-2C8E13EBBEBD} = {7E668E98-F17F-4A07-B9AD-448AE8B89D43}
		{D6CE42DB-D483-4175-B430-042209D5B481} = {7E668E98-F17F-4A07-B9AD-448AE8B89D43}
		{763F3A68-C5CE-4C19-9912-FABEA7CF27DC} = {7E668E98-F17F-4A07-B9AD-448AE8B89D43}
		{56D4D8A7-C09A-47E2-B2ED-C3294CEDB4D2} = {0BFD6E31-3B02-46E4-9C0A-2FFCC42B42A2}
		{EDED6E70-8B99-4755-99B1-E88E1778C004} = {0BFD6E31-3B02-46E4-9C0A-2FFCC42B42A2}
		{FF164065-9A6E-49F6-93FD-0D8D057D45B6} = {0BFD6E31-3B02-46E4-9C0A-2FFCC42B42A2}
	EndGlobalSection
	GlobalSection(ExtensibilityGlobals) = postSolution
		SolutionGuid = {37A93488-59B7-4982-8DC5-4549570B30A3}
	EndGlobalSection
EndGlobal
